
Microsoft Visual Studio Solution File, Format Version 12.00
# Visual Studio 15
VisualStudioVersion = 15.0.26510.0
MinimumVisualStudioVersion = 10.0.40219.1
Project("{FAE04EC0-301F-11D3-BF4B-00C04F79EFBC}") = "hashing.gui", "hashing.gui\hashing.gui.csproj", "{584D1834-8ADA-4269-A60B-C5029F239AE2}"
EndProject
Project("{FAE04EC0-301F-11D3-BF4B-00C04F79EFBC}") = "hashing.classes", "hashing.classes\hashing.classes.csproj", "{76F1718A-4867-4BA1-881E-9491CC17281E}"
EndProject
Project("{FAE04EC0-301F-11D3-BF4B-00C04F79EFBC}") = "hasing.tests", "hashing.tests\hasing.tests.csproj", "{7BAA9860-90B6-4473-94A9-B9BA9314044A}"
EndProject
Project("{FAE04EC0-301F-11D3-BF4B-00C04F79EFBC}") = "hashing.console", "hashing.console\hashing.console.csproj", "{3B4690B4-3A4B-408D-90CF-C3433DCC7206}"
EndProject
Global
	GlobalSection(SolutionConfigurationPlatforms) = preSolution
		Debug|Any CPU = Debug|Any CPU
		Release|Any CPU = Release|Any CPU
	EndGlobalSection
	GlobalSection(ProjectConfigurationPlatforms) = postSolution
		{584D1834-8ADA-4269-A60B-C5029F239AE2}.Debug|Any CPU.ActiveCfg = Debug|Any CPU
		{584D1834-8ADA-4269-A60B-C5029F239AE2}.Debug|Any CPU.Build.0 = Debug|Any CPU
		{584D1834-8ADA-4269-A60B-C5029F239AE2}.Release|Any CPU.ActiveCfg = Release|Any CPU
		{584D1834-8ADA-4269-A60B-C5029F239AE2}.Release|Any CPU.Build.0 = Release|Any CPU
		{76F1718A-4867-4BA1-881E-9491CC17281E}.Debug|Any CPU.ActiveCfg = Debug|Any CPU
		{76F1718A-4867-4BA1-881E-9491CC17281E}.Debug|Any CPU.Build.0 = Debug|Any CPU
		{76F1718A-4867-4BA1-881E-9491CC17281E}.Release|Any CPU.ActiveCfg = Release|Any CPU
		{76F1718A-4867-4BA1-881E-9491CC17281E}.Release|Any CPU.Build.0 = Release|Any CPU
		{7BAA9860-90B6-4473-94A9-B9BA9314044A}.Debug|Any CPU.ActiveCfg = Debug|Any CPU
		{7BAA9860-90B6-4473-94A9-B9BA9314044A}.Debug|Any CPU.Build.0 = Debug|Any CPU
		{7BAA9860-90B6-4473-94A9-B9BA9314044A}.Release|Any CPU.ActiveCfg = Release|Any CPU
		{7BAA9860-90B6-4473-94A9-B9BA9314044A}.Release|Any CPU.Build.0 = Release|Any CPU
		{3B4690B4-3A4B-408D-90CF-C3433DCC7206}.Debug|Any CPU.ActiveCfg = Debug|Any CPU
		{3B4690B4-3A4B-408D-90CF-C3433DCC7206}.Debug|Any CPU.Build.0 = Debug|Any CPU
		{3B4690B4-3A4B-408D-90CF-C3433DCC7206}.Release|Any CPU.ActiveCfg = Release|Any CPU
		{3B4690B4-3A4B-408D-90CF-C3433DCC7206}.Release|Any CPU.Build.0 = Release|Any CPU
	EndGlobalSection
	GlobalSection(SolutionProperties) = preSolution
		HideSolutionNode = FALSE
	EndGlobalSection
EndGlobal
